// !$*UTF8*$!
{
	archiveVersion = 1;
	classes = {
	};
	objectVersion = 56;
	objects = {

/* Begin PBXBuildFile section */
		1FBDD34C2A10EFD900B45EE0 /* AppDelegate.swift in Sources */ = {isa = PBXBuildFile; fileRef = 1FBDD34B2A10EFD900B45EE0 /* AppDelegate.swift */; };
		1FBDD34E2A10EFD900B45EE0 /* SceneDelegate.swift in Sources */ = {isa = PBXBuildFile; fileRef = 1FBDD34D2A10EFD900B45EE0 /* SceneDelegate.swift */; };
		1FBDD3502A10EFD900B45EE0 /* ViewController.swift in Sources */ = {isa = PBXBuildFile; fileRef = 1FBDD34F2A10EFD900B45EE0 /* ViewController.swift */; };
		1FBDD3532A10EFD900B45EE0 /* Main.storyboard in Resources */ = {isa = PBXBuildFile; fileRef = 1FBDD3512A10EFD900B45EE0 /* Main.storyboard */; };
		1FBDD3552A10EFDA00B45EE0 /* Assets.xcassets in Resources */ = {isa = PBXBuildFile; fileRef = 1FBDD3542A10EFDA00B45EE0 /* Assets.xcassets */; };
		1FBDD3582A10EFDA00B45EE0 /* LaunchScreen.storyboard in Resources */ = {isa = PBXBuildFile; fileRef = 1FBDD3562A10EFDA00B45EE0 /* LaunchScreen.storyboard */; };
		1FBDD3632A10EFDA00B45EE0 /* myCounterProjectTests.swift in Sources */ = {isa = PBXBuildFile; fileRef = 1FBDD3622A10EFDA00B45EE0 /* myCounterProjectTests.swift */; };
		1FBDD36D2A10EFDA00B45EE0 /* myCounterProjectUITests.swift in Sources */ = {isa = PBXBuildFile; fileRef = 1FBDD36C2A10EFDA00B45EE0 /* myCounterProjectUITests.swift */; };
		1FBDD36F2A10EFDA00B45EE0 /* myCounterProjectUITestsLaunchTests.swift in Sources */ = {isa = PBXBuildFile; fileRef = 1FBDD36E2A10EFDA00B45EE0 /* myCounterProjectUITestsLaunchTests.swift */; };
/* End PBXBuildFile section */

/* Begin PBXContainerItemProxy section */
		1FBDD35F2A10EFDA00B45EE0 /* PBXContainerItemProxy */ = {
			isa = PBXContainerItemProxy;
			containerPortal = 1FBDD3402A10EFD900B45EE0 /* Project object */;
			proxyType = 1;
			remoteGlobalIDString = 1FBDD3472A10EFD900B45EE0;
			remoteInfo = myCounterProject;
		};
		1FBDD3692A10EFDA00B45EE0 /* PBXContainerItemProxy */ = {
			isa = PBXContainerItemProxy;
			containerPortal = 1FBDD3402A10EFD900B45EE0 /* Project object */;
			proxyType = 1;
			remoteGlobalIDString = 1FBDD3472A10EFD900B45EE0;
			remoteInfo = myCounterProject;
		};
/* End PBXContainerItemProxy section */

/* Begin PBXFileReference section */
		1FBDD3482A10EFD900B45EE0 /* myCounterProject.app */ = {isa = PBXFileReference; explicitFileType = wrapper.application; includeInIndex = 0; path = myCounterProject.app; sourceTree = BUILT_PRODUCTS_DIR; };
		1FBDD34B2A10EFD900B45EE0 /* AppDelegate.swift */ = {isa = PBXFileReference; lastKnownFileType = sourcecode.swift; path = AppDelegate.swift; sourceTree = "<group>"; };
		1FBDD34D2A10EFD900B45EE0 /* SceneDelegate.swift */ = {isa = PBXFileReference; lastKnownFileType = sourcecode.swift; path = SceneDelegate.swift; sourceTree = "<group>"; };
		1FBDD34F2A10EFD900B45EE0 /* ViewController.swift */ = {isa = PBXFileReference; lastKnownFileType = sourcecode.swift; path = ViewController.swift; sourceTree = "<group>"; };
		1FBDD3522A10EFD900B45EE0 /* Base */ = {isa = PBXFileReference; lastKnownFileType = file.storyboard; name = Base; path = Base.lproj/Main.storyboard; sourceTree = "<group>"; };
		1FBDD3542A10EFDA00B45EE0 /* Assets.xcassets */ = {isa = PBXFileReference; lastKnownFileType = folder.assetcatalog; path = Assets.xcassets; sourceTree = "<group>"; };
		1FBDD3572A10EFDA00B45EE0 /* Base */ = {isa = PBXFileReference; lastKnownFileType = file.storyboard; name = Base; path = Base.lproj/LaunchScreen.storyboard; sourceTree = "<group>"; };
		1FBDD3592A10EFDA00B45EE0 /* Info.plist */ = {isa = PBXFileReference; lastKnownFileType = text.plist.xml; path = Info.plist; sourceTree = "<group>"; };
		1FBDD35E2A10EFDA00B45EE0 /* myCounterProjectTests.xctest */ = {isa = PBXFileReference; explicitFileType = wrapper.cfbundle; includeInIndex = 0; path = myCounterProjectTests.xctest; sourceTree = BUILT_PRODUCTS_DIR; };
		1FBDD3622A10EFDA00B45EE0 /* myCounterProjectTests.swift */ = {isa = PBXFileReference; lastKnownFileType = sourcecode.swift; path = myCounterProjectTests.swift; sourceTree = "<group>"; };
		1FBDD3682A10EFDA00B45EE0 /* myCounterProjectUITests.xctest */ = {isa = PBXFileReference; explicitFileType = wrapper.cfbundle; includeInIndex = 0; path = myCounterProjectUITests.xctest; sourceTree = BUILT_PRODUCTS_DIR; };
		1FBDD36C2A10EFDA00B45EE0 /* myCounterProjectUITests.swift */ = {isa = PBXFileReference; lastKnownFileType = sourcecode.swift; path = myCounterProjectUITests.swift; sourceTree = "<group>"; };
		1FBDD36E2A10EFDA00B45EE0 /* myCounterProjectUITestsLaunchTests.swift */ = {isa = PBXFileReference; lastKnownFileType = sourcecode.swift; path = myCounterProjectUITestsLaunchTests.swift; sourceTree = "<group>"; };
/* End PBXFileReference section */

/* Begin PBXFrameworksBuildPhase section */
		1FBDD3452A10EFD900B45EE0 /* Frameworks */ = {
			isa = PBXFrameworksBuildPhase;
			buildActionMask = 2147483647;
			files = (
			);
			runOnlyForDeploymentPostprocessing = 0;
		};
		1FBDD35B2A10EFDA00B45EE0 /* Frameworks */ = {
			isa = PBXFrameworksBuildPhase;
			buildActionMask = 2147483647;
			files = (
			);
			runOnlyForDeploymentPostprocessing = 0;
		};
		1FBDD3652A10EFDA00B45EE0 /* Frameworks */ = {
			isa = PBXFrameworksBuildPhase;
			buildActionMask = 2147483647;
			files = (
			);
			runOnlyForDeploymentPostprocessing = 0;
		};
/* End PBXFrameworksBuildPhase section */

/* Begin PBXGroup section */
		1FBDD33F2A10EFD900B45EE0 = {
			isa = PBXGroup;
			children = (
				1FBDD34A2A10EFD900B45EE0 /* myCounterProject */,
				1FBDD3612A10EFDA00B45EE0 /* myCounterProjectTests */,
				1FBDD36B2A10EFDA00B45EE0 /* myCounterProjectUITests */,
				1FBDD3492A10EFD900B45EE0 /* Products */,
			);
			sourceTree = "<group>";
		};
		1FBDD3492A10EFD900B45EE0 /* Products */ = {
			isa = PBXGroup;
			children = (
				1FBDD3482A10EFD900B45EE0 /* myCounterProject.app */,
				1FBDD35E2A10EFDA00B45EE0 /* myCounterProjectTests.xctest */,
				1FBDD3682A10EFDA00B45EE0 /* myCounterProjectUITests.xctest */,
			);
			name = Products;
			sourceTree = "<group>";
		};
		1FBDD34A2A10EFD900B45EE0 /* myCounterProject */ = {
			isa = PBXGroup;
			children = (
				1FBDD34B2A10EFD900B45EE0 /* AppDelegate.swift */,
				1FBDD34D2A10EFD900B45EE0 /* SceneDelegate.swift */,
				1FBDD34F2A10EFD900B45EE0 /* ViewController.swift */,
				1FBDD3512A10EFD900B45EE0 /* Main.storyboard */,
				1FBDD3542A10EFDA00B45EE0 /* Assets.xcassets */,
				1FBDD3562A10EFDA00B45EE0 /* LaunchScreen.storyboard */,
				1FBDD3592A10EFDA00B45EE0 /* Info.plist */,
			);
			path = myCounterProject;
			sourceTree = "<group>";
		};
		1FBDD3612A10EFDA00B45EE0 /* myCounterProjectTests */ = {
			isa = PBXGroup;
			children = (
				1FBDD3622A10EFDA00B45EE0 /* myCounterProjectTests.swift */,
			);
			path = myCounterProjectTests;
			sourceTree = "<group>";
		};
		1FBDD36B2A10EFDA00B45EE0 /* myCounterProjectUITests */ = {
			isa = PBXGroup;
			children = (
				1FBDD36C2A10EFDA00B45EE0 /* myCounterProjectUITests.swift */,
				1FBDD36E2A10EFDA00B45EE0 /* myCounterProjectUITestsLaunchTests.swift */,
			);
			path = myCounterProjectUITests;
			sourceTree = "<group>";
		};
/* End PBXGroup section */

/* Begin PBXNativeTarget section */
		1FBDD3472A10EFD900B45EE0 /* myCounterProject */ = {
			isa = PBXNativeTarget;
			buildConfigurationList = 1FBDD3722A10EFDA00B45EE0 /* Build configuration list for PBXNativeTarget "myCounterProject" */;
			buildPhases = (
				1FBDD3442A10EFD900B45EE0 /* Sources */,
				1FBDD3452A10EFD900B45EE0 /* Frameworks */,
				1FBDD3462A10EFD900B45EE0 /* Resources */,
			);
			buildRules = (
			);
			dependencies = (
			);
			name = myCounterProject;
			productName = myCounterProject;
			productReference = 1FBDD3482A10EFD900B45EE0 /* myCounterProject.app */;
			productType = "com.apple.product-type.application";
		};
		1FBDD35D2A10EFDA00B45EE0 /* myCounterProjectTests */ = {
			isa = PBXNativeTarget;
			buildConfigurationList = 1FBDD3752A10EFDA00B45EE0 /* Build configuration list for PBXNativeTarget "myCounterProjectTests" */;
			buildPhases = (
				1FBDD35A2A10EFDA00B45EE0 /* Sources */,
				1FBDD35B2A10EFDA00B45EE0 /* Frameworks */,
				1FBDD35C2A10EFDA00B45EE0 /* Resources */,
			);
			buildRules = (
			);
			dependencies = (
				1FBDD3602A10EFDA00B45EE0 /* PBXTargetDependency */,
			);
			name = myCounterProjectTests;
			productName = myCounterProjectTests;
			productReference = 1FBDD35E2A10EFDA00B45EE0 /* myCounterProjectTests.xctest */;
			productType = "com.apple.product-type.bundle.unit-test";
		};
		1FBDD3672A10EFDA00B45EE0 /* myCounterProjectUITests */ = {
			isa = PBXNativeTarget;
			buildConfigurationList = 1FBDD3782A10EFDA00B45EE0 /* Build configuration list for PBXNativeTarget "myCounterProjectUITests" */;
			buildPhases = (
				1FBDD3642A10EFDA00B45EE0 /* Sources */,
				1FBDD3652A10EFDA00B45EE0 /* Frameworks */,
				1FBDD3662A10EFDA00B45EE0 /* Resources */,
			);
			buildRules = (
			);
			dependencies = (
				1FBDD36A2A10EFDA00B45EE0 /* PBXTargetDependency */,
			);
			name = myCounterProjectUITests;
			productName = myCounterProjectUITests;
			productReference = 1FBDD3682A10EFDA00B45EE0 /* myCounterProjectUITests.xctest */;
			productType = "com.apple.product-type.bundle.ui-testing";
		};
/* End PBXNativeTarget section */

/* Begin PBXProject section */
		1FBDD3402A10EFD900B45EE0 /* Project object */ = {
			isa = PBXProject;
			attributes = {
				BuildIndependentTargetsInParallel = 1;
				LastSwiftUpdateCheck = 1430;
				LastUpgradeCheck = 1430;
				TargetAttributes = {
					1FBDD3472A10EFD900B45EE0 = {
						CreatedOnToolsVersion = 14.3;
					};
					1FBDD35D2A10EFDA00B45EE0 = {
						CreatedOnToolsVersion = 14.3;
						TestTargetID = 1FBDD3472A10EFD900B45EE0;
					};
					1FBDD3672A10EFDA00B45EE0 = {
						CreatedOnToolsVersion = 14.3;
						TestTargetID = 1FBDD3472A10EFD900B45EE0;
					};
				};
			};
			buildConfigurationList = 1FBDD3432A10EFD900B45EE0 /* Build configuration list for PBXProject "myCounterProject" */;
			compatibilityVersion = "Xcode 14.0";
			developmentRegion = en;
			hasScannedForEncodings = 0;
			knownRegions = (
				en,
				Base,
			);
			mainGroup = 1FBDD33F2A10EFD900B45EE0;
			productRefGroup = 1FBDD3492A10EFD900B45EE0 /* Products */;
			projectDirPath = "";
			projectRoot = "";
			targets = (
				1FBDD3472A10EFD900B45EE0 /* myCounterProject */,
				1FBDD35D2A10EFDA00B45EE0 /* myCounterProjectTests */,
				1FBDD3672A10EFDA00B45EE0 /* myCounterProjectUITests */,
			);
		};
/* End PBXProject section */

/* Begin PBXResourcesBuildPhase section */
		1FBDD3462A10EFD900B45EE0 /* Resources */ = {
			isa = PBXResourcesBuildPhase;
			buildActionMask = 2147483647;
			files = (
				1FBDD3582A10EFDA00B45EE0 /* LaunchScreen.storyboard in Resources */,
				1FBDD3552A10EFDA00B45EE0 /* Assets.xcassets in Resources */,
				1FBDD3532A10EFD900B45EE0 /* Main.storyboard in Resources */,
			);
			runOnlyForDeploymentPostprocessing = 0;
		};
		1FBDD35C2A10EFDA00B45EE0 /* Resources */ = {
			isa = PBXResourcesBuildPhase;
			buildActionMask = 2147483647;
			files = (
			);
			runOnlyForDeploymentPostprocessing = 0;
		};
		1FBDD3662A10EFDA00B45EE0 /* Resources */ = {
			isa = PBXResourcesBuildPhase;
			buildActionMask = 2147483647;
			files = (
			);
			runOnlyForDeploymentPostprocessing = 0;
		};
/* End PBXResourcesBuildPhase section */

/* Begin PBXSourcesBuildPhase section */
		1FBDD3442A10EFD900B45EE0 /* Sources */ = {
			isa = PBXSourcesBuildPhase;
			buildActionMask = 2147483647;
			files = (
				1FBDD3502A10EFD900B45EE0 /* ViewController.swift in Sources */,
				1FBDD34C2A10EFD900B45EE0 /* AppDelegate.swift in Sources */,
				1FBDD34E2A10EFD900B45EE0 /* SceneDelegate.swift in Sources */,
			);
			runOnlyForDeploymentPostprocessing = 0;
		};
		1FBDD35A2A10EFDA00B45EE0 /* Sources */ = {
			isa = PBXSourcesBuildPhase;
			buildActionMask = 2147483647;
			files = (
				1FBDD3632A10EFDA00B45EE0 /* myCounterProjectTests.swift in Sources */,
			);
			runOnlyForDeploymentPostprocessing = 0;
		};
		1FBDD3642A10EFDA00B45EE0 /* Sources */ = {
			isa = PBXSourcesBuildPhase;
			buildActionMask = 2147483647;
			files = (
				1FBDD36D2A10EFDA00B45EE0 /* myCounterProjectUITests.swift in Sources */,
				1FBDD36F2A10EFDA00B45EE0 /* myCounterProjectUITestsLaunchTests.swift in Sources */,
			);
			runOnlyForDeploymentPostprocessing = 0;
		};
/* End PBXSourcesBuildPhase section */

/* Begin PBXTargetDependency section */
		1FBDD3602A10EFDA00B45EE0 /* PBXTargetDependency */ = {
			isa = PBXTargetDependency;
			target = 1FBDD3472A10EFD900B45EE0 /* myCounterProject */;
			targetProxy = 1FBDD35F2A10EFDA00B45EE0 /* PBXContainerItemProxy */;
		};
		1FBDD36A2A10EFDA00B45EE0 /* PBXTargetDependency */ = {
			isa = PBXTargetDependency;
			target = 1FBDD3472A10EFD900B45EE0 /* myCounterProject */;
			targetProxy = 1FBDD3692A10EFDA00B45EE0 /* PBXContainerItemProxy */;
		};
/* End PBXTargetDependency section */

/* Begin PBXVariantGroup section */
		1FBDD3512A10EFD900B45EE0 /* Main.storyboard */ = {
			isa = PBXVariantGroup;
			children = (
				1FBDD3522A10EFD900B45EE0 /* Base */,
			);
			name = Main.storyboard;
			sourceTree = "<group>";
		};
		1FBDD3562A10EFDA00B45EE0 /* LaunchScreen.storyboard */ = {
			isa = PBXVariantGroup;
			children = (
				1FBDD3572A10EFDA00B45EE0 /* Base */,
			);
			name = LaunchScreen.storyboard;
			sourceTree = "<group>";
		};
/* End PBXVariantGroup section */

/* Begin XCBuildConfiguration section */
		1FBDD3702A10EFDA00B45EE0 /* Debug */ = {
			isa = XCBuildConfiguration;
			buildSettings = {
				ALWAYS_SEARCH_USER_PATHS = NO;
				CLANG_ANALYZER_NONNULL = YES;
				CLANG_ANALYZER_NUMBER_OBJECT_CONVERSION = YES_AGGRESSIVE;
				CLANG_CXX_LANGUAGE_STANDARD = "gnu++20";
				CLANG_ENABLE_MODULES = YES;
				CLANG_ENABLE_OBJC_ARC = YES;
				CLANG_ENABLE_OBJC_WEAK = YES;
				CLANG_WARN_BLOCK_CAPTURE_AUTORELEASING = YES;
				CLANG_WARN_BOOL_CONVERSION = YES;
				CLANG_WARN_COMMA = YES;
				CLANG_WARN_CONSTANT_CONVERSION = YES;
				CLANG_WARN_DEPRECATED_OBJC_IMPLEMENTATIONS = YES;
				CLANG_WARN_DIRECT_OBJC_ISA_USAGE = YES_ERROR;
				CLANG_WARN_DOCUMENTATION_COMMENTS = YES;
				CLANG_WARN_EMPTY_BODY = YES;
				CLANG_WARN_ENUM_CONVERSION = YES;
				CLANG_WARN_INFINITE_RECURSION = YES;
				CLANG_WARN_INT_CONVERSION = YES;
				CLANG_WARN_NON_LITERAL_NULL_CONVERSION = YES;
				CLANG_WARN_OBJC_IMPLICIT_RETAIN_SELF = YES;
				CLANG_WARN_OBJC_LITERAL_CONVERSION = YES;
				CLANG_WARN_OBJC_ROOT_CLASS = YES_ERROR;
				CLANG_WARN_QUOTED_INCLUDE_IN_FRAMEWORK_HEADER = YES;
				CLANG_WARN_RANGE_LOOP_ANALYSIS = YES;
				CLANG_WARN_STRICT_PROTOTYPES = YES;
				CLANG_WARN_SUSPICIOUS_MOVE = YES;
				CLANG_WARN_UNGUARDED_AVAILABILITY = YES_AGGRESSIVE;
				CLANG_WARN_UNREACHABLE_CODE = YES;
				CLANG_WARN__DUPLICATE_METHOD_MATCH = YES;
				COPY_PHASE_STRIP = NO;
				DEBUG_INFORMATION_FORMAT = dwarf;
				ENABLE_STRICT_OBJC_MSGSEND = YES;
				ENABLE_TESTABILITY = YES;
				GCC_C_LANGUAGE_STANDARD = gnu11;
				GCC_DYNAMIC_NO_PIC = NO;
				GCC_NO_COMMON_BLOCKS = YES;
				GCC_OPTIMIZATION_LEVEL = 0;
				GCC_PREPROCESSOR_DEFINITIONS = (
					"DEBUG=1",
					"$(inherited)",
				);
				GCC_WARN_64_TO_32_BIT_CONVERSION = YES;
				GCC_WARN_ABOUT_RETURN_TYPE = YES_ERROR;
				GCC_WARN_UNDECLARED_SELECTOR = YES;
				GCC_WARN_UNINITIALIZED_AUTOS = YES_AGGRESSIVE;
				GCC_WARN_UNUSED_FUNCTION = YES;
				GCC_WARN_UNUSED_VARIABLE = YES;
				IPHONEOS_DEPLOYMENT_TARGET = 16.4;
				MTL_ENABLE_DEBUG_INFO = INCLUDE_SOURCE;
				MTL_FAST_MATH = YES;
				ONLY_ACTIVE_ARCH = YES;
				SDKROOT = iphoneos;
				SWIFT_ACTIVE_COMPILATION_CONDITIONS = DEBUG;
				SWIFT_OPTIMIZATION_LEVEL = "-Onone";
			};
			name = Debug;
		};
		1FBDD3712A10EFDA00B45EE0 /* Release */ = {
			isa = XCBuildConfiguration;
			buildSettings = {
				ALWAYS_SEARCH_USER_PATHS = NO;
				CLANG_ANALYZER_NONNULL = YES;
				CLANG_ANALYZER_NUMBER_OBJECT_CONVERSION = YES_AGGRESSIVE;
				CLANG_CXX_LANGUAGE_STANDARD = "gnu++20";
				CLANG_ENABLE_MODULES = YES;
				CLANG_ENABLE_OBJC_ARC = YES;
				CLANG_ENABLE_OBJC_WEAK = YES;
				CLANG_WARN_BLOCK_CAPTURE_AUTORELEASING = YES;
				CLANG_WARN_BOOL_CONVERSION = YES;
				CLANG_WARN_COMMA = YES;
				CLANG_WARN_CONSTANT_CONVERSION = YES;
				CLANG_WARN_DEPRECATED_OBJC_IMPLEMENTATIONS = YES;
				CLANG_WARN_DIRECT_OBJC_ISA_USAGE = YES_ERROR;
				CLANG_WARN_DOCUMENTATION_COMMENTS = YES;
				CLANG_WARN_EMPTY_BODY = YES;
				CLANG_WARN_ENUM_CONVERSION = YES;
				CLANG_WARN_INFINITE_RECURSION = YES;
				CLANG_WARN_INT_CONVERSION = YES;
				CLANG_WARN_NON_LITERAL_NULL_CONVERSION = YES;
				CLANG_WARN_OBJC_IMPLICIT_RETAIN_SELF = YES;
				CLANG_WARN_OBJC_LITERAL_CONVERSION = YES;
				CLANG_WARN_OBJC_ROOT_CLASS = YES_ERROR;
				CLANG_WARN_QUOTED_INCLUDE_IN_FRAMEWORK_HEADER = YES;
				CLANG_WARN_RANGE_LOOP_ANALYSIS = YES;
				CLANG_WARN_STRICT_PROTOTYPES = YES;
				CLANG_WARN_SUSPICIOUS_MOVE = YES;
				CLANG_WARN_UNGUARDED_AVAILABILITY = YES_AGGRESSIVE;
				CLANG_WARN_UNREACHABLE_CODE = YES;
				CLANG_WARN__DUPLICATE_METHOD_MATCH = YES;
				COPY_PHASE_STRIP = NO;
				DEBUG_INFORMATION_FORMAT = "dwarf-with-dsym";
				ENABLE_NS_ASSERTIONS = NO;
				ENABLE_STRICT_OBJC_MSGSEND = YES;
				GCC_C_LANGUAGE_STANDARD = gnu11;
				GCC_NO_COMMON_BLOCKS = YES;
				GCC_WARN_64_TO_32_BIT_CONVERSION = YES;
				GCC_WARN_ABOUT_RETURN_TYPE = YES_ERROR;
				GCC_WARN_UNDECLARED_SELECTOR = YES;
				GCC_WARN_UNINITIALIZED_AUTOS = YES_AGGRESSIVE;
				GCC_WARN_UNUSED_FUNCTION = YES;
				GCC_WARN_UNUSED_VARIABLE = YES;
				IPHONEOS_DEPLOYMENT_TARGET = 16.4;
				MTL_ENABLE_DEBUG_INFO = NO;
				MTL_FAST_MATH = YES;
				SDKROOT = iphoneos;
				SWIFT_COMPILATION_MODE = wholemodule;
				SWIFT_OPTIMIZATION_LEVEL = "-O";
				VALIDATE_PRODUCT = YES;
			};
			name = Release;
		};
		1FBDD3732A10EFDA00B45EE0 /* Debug */ = {
			isa = XCBuildConfiguration;
			buildSettings = {
				ASSETCATALOG_COMPILER_APPICON_NAME = AppIcon;
				ASSETCATALOG_COMPILER_GLOBAL_ACCENT_COLOR_NAME = AccentColor;
				CODE_SIGN_STYLE = Automatic;
				CURRENT_PROJECT_VERSION = 1;
				GENERATE_INFOPLIST_FILE = YES;
				INFOPLIST_FILE = myCounterProject/Info.plist;
				INFOPLIST_KEY_UIApplicationSupportsIndirectInputEvents = YES;
				INFOPLIST_KEY_UILaunchStoryboardName = LaunchScreen;
				INFOPLIST_KEY_UIMainStoryboardFile = Main;
				INFOPLIST_KEY_UISupportedInterfaceOrientations_iPad = "UIInterfaceOrientationPortrait UIInterfaceOrientationPortraitUpsideDown UIInterfaceOrientationLandscapeLeft UIInterfaceOrientationLandscapeRight";
				INFOPLIST_KEY_UISupportedInterfaceOrientations_iPhone = "UIInterfaceOrientationPortrait UIInterfaceOrientationLandscapeLeft UIInterfaceOrientationLandscapeRight";
				LD_RUNPATH_SEARCH_PATHS = (
					"$(inherited)",
					"@executable_path/Frameworks",
				);
				MARKETING_VERSION = 1.0;
				PRODUCT_BUNDLE_IDENTIFIER = test.myCounterProject;
				PRODUCT_NAME = "$(TARGET_NAME)";
				SWIFT_EMIT_LOC_STRINGS = YES;
				SWIFT_VERSION = 5.0;
				TARGETED_DEVICE_FAMILY = "1,2";
			};
			name = Debug;
		};
		1FBDD3742A10EFDA00B45EE0 /* Release */ = {
			isa = XCBuildConfiguration;
			buildSettings = {
				ASSETCATALOG_COMPILER_APPICON_NAME = AppIcon;
				ASSETCATALOG_COMPILER_GLOBAL_ACCENT_COLOR_NAME = AccentColor;
				CODE_SIGN_STYLE = Automatic;
				CURRENT_PROJECT_VERSION = 1;
				GENERATE_INFOPLIST_FILE = YES;
				INFOPLIST_FILE = myCounterProject/Info.plist;
				INFOPLIST_KEY_UIApplicationSupportsIndirectInputEvents = YES;
				INFOPLIST_KEY_UILaunchStoryboardName = LaunchScreen;
				INFOPLIST_KEY_UIMainStoryboardFile = Main;
				INFOPLIST_KEY_UISupportedInterfaceOrientations_iPad = "UIInterfaceOrientationPortrait UIInterfaceOrientationPortraitUpsideDown UIInterfaceOrientationLandscapeLeft UIInterfaceOrientationLandscapeRight";
				INFOPLIST_KEY_UISupportedInterfaceOrientations_iPhone = "UIInterfaceOrientationPortrait UIInterfaceOrientationLandscapeLeft UIInterfaceOrientationLandscapeRight";
				LD_RUNPATH_SEARCH_PATHS = (
					"$(inherited)",
					"@executable_path/Frameworks",
				);
				MARKETING_VERSION = 1.0;
				PRODUCT_BUNDLE_IDENTIFIER = test.myCounterProject;
				PRODUCT_NAME = "$(TARGET_NAME)";
				SWIFT_EMIT_LOC_STRINGS = YES;
				SWIFT_VERSION = 5.0;
				TARGETED_DEVICE_FAMILY = "1,2";
			};
			name = Release;
		};
		1FBDD3762A10EFDA00B45EE0 /* Debug */ = {
			isa = XCBuildConfiguration;
			buildSettings = {
				ALWAYS_EMBED_SWIFT_STANDARD_LIBRARIES = YES;
				BUNDLE_LOADER = "$(TEST_HOST)";
				CODE_SIGN_STYLE = Automatic;
				CURRENT_PROJECT_VERSION = 1;
				GENERATE_INFOPLIST_FILE = YES;
				IPHONEOS_DEPLOYMENT_TARGET = 16.4;
				MARKETING_VERSION = 1.0;
				PRODUCT_BUNDLE_IDENTIFIER = test.myCounterProjectTests;
				PRODUCT_NAME = "$(TARGET_NAME)";
				SWIFT_EMIT_LOC_STRINGS = NO;
				SWIFT_VERSION = 5.0;
				TARGETED_DEVICE_FAMILY = "1,2";
				TEST_HOST = "$(BUILT_PRODUCTS_DIR)/myCounterProject.app/$(BUNDLE_EXECUTABLE_FOLDER_PATH)/myCounterProject";
			};
			name = Debug;
		};
		1FBDD3772A10EFDA00B45EE0 /* Release */ = {
			isa = XCBuildConfiguration;
			buildSettings = {
				ALWAYS_EMBED_SWIFT_STANDARD_LIBRARIES = YES;
				BUNDLE_LOADER = "$(TEST_HOST)";
				CODE_SIGN_STYLE = Automatic;
				CURRENT_PROJECT_VERSION = 1;
				GENERATE_INFOPLIST_FILE = YES;
				IPHONEOS_DEPLOYMENT_TARGET = 16.4;
				MARKETING_VERSION = 1.0;
				PRODUCT_BUNDLE_IDENTIFIER = test.myCounterProjectTests;
				PRODUCT_NAME = "$(TARGET_NAME)";
				SWIFT_EMIT_LOC_STRINGS = NO;
				SWIFT_VERSION = 5.0;
				TARGETED_DEVICE_FAMILY = "1,2";
				TEST_HOST = "$(BUILT_PRODUCTS_DIR)/myCounterProject.app/$(BUNDLE_EXECUTABLE_FOLDER_PATH)/myCounterProject";
			};
			name = Release;
		};
		1FBDD3792A10EFDA00B45EE0 /* Debug */ = {
			isa = XCBuildConfiguration;
			buildSettings = {
				ALWAYS_EMBED_SWIFT_STANDARD_LIBRARIES = YES;
				CODE_SIGN_STYLE = Automatic;
				CURRENT_PROJECT_VERSION = 1;
				GENERATE_INFOPLIST_FILE = YES;
				MARKETING_VERSION = 1.0;
				PRODUCT_BUNDLE_IDENTIFIER = test.myCounterProjectUITests;
				PRODUCT_NAME = "$(TARGET_NAME)";
				SWIFT_EMIT_LOC_STRINGS = NO;
				SWIFT_VERSION = 5.0;
				TARGETED_DEVICE_FAMILY = "1,2";
				TEST_TARGET_NAME = myCounterProject;
			};
			name = Debug;
		};
		1FBDD37A2A10EFDA00B45EE0 /* Release */ = {
			isa = XCBuildConfiguration;
			buildSettings = {
				ALWAYS_EMBED_SWIFT_STANDARD_LIBRARIES = YES;
				CODE_SIGN_STYLE = Automatic;
				CURRENT_PROJECT_VERSION = 1;
				GENERATE_INFOPLIST_FILE = YES;
				MARKETING_VERSION = 1.0;
				PRODUCT_BUNDLE_IDENTIFIER = test.myCounterProjectUITests;
				PRODUCT_NAME = "$(TARGET_NAME)";
				SWIFT_EMIT_LOC_STRINGS = NO;
				SWIFT_VERSION = 5.0;
				TARGETED_DEVICE_FAMILY = "1,2";
				TEST_TARGET_NAME = myCounterProject;
			};
			name = Release;
		};
/* End XCBuildConfiguration section */

/* Begin XCConfigurationList section */
		1FBDD3432A10EFD900B45EE0 /* Build configuration list for PBXProject "myCounterProject" */ = {
			isa = XCConfigurationList;
			buildConfigurations = (
				1FBDD3702A10EFDA00B45EE0 /* Debug */,
				1FBDD3712A10EFDA00B45EE0 /* Release */,
			);
			defaultConfigurationIsVisible = 0;
			defaultConfigurationName = Release;
		};
		1FBDD3722A10EFDA00B45EE0 /* Build configuration list for PBXNativeTarget "myCounterProject" */ = {
			isa = XCConfigurationList;
			buildConfigurations = (
				1FBDD3732A10EFDA00B45EE0 /* Debug */,
				1FBDD3742A10EFDA00B45EE0 /* Release */,
			);
			defaultConfigurationIsVisible = 0;
			defaultConfigurationName = Release;
		};
		1FBDD3752A10EFDA00B45EE0 /* Build configuration list for PBXNativeTarget "myCounterProjectTests" */ = {
			isa = XCConfigurationList;
			buildConfigurations = (
				1FBDD3762A10EFDA00B45EE0 /* Debug */,
				1FBDD3772A10EFDA00B45EE0 /* Release */,
			);
			defaultConfigurationIsVisible = 0;
			defaultConfigurationName = Release;
		};
		1FBDD3782A10EFDA00B45EE0 /* Build configuration list for PBXNativeTarget "myCounterProjectUITests" */ = {
			isa = XCConfigurationList;
			buildConfigurations = (
				1FBDD3792A10EFDA00B45EE0 /* Debug */,
				1FBDD37A2A10EFDA00B45EE0 /* Release */,
			);
			defaultConfigurationIsVisible = 0;
			defaultConfigurationName = Release;
		};
/* End XCConfigurationList section */
	};
	rootObject = 1FBDD3402A10EFD900B45EE0 /* Project object */;
}
